
Microsoft Visual Studio Solution File, Format Version 12.00
# Visual Studio Version 17
VisualStudioVersion = 17.8.34408.163
MinimumVisualStudioVersion = 10.0.40219.1
Project("{9A19103F-16F7-4668-BE54-9A1E7A4F7556}") = "EMMonitor", "EMMonitor\EMMonitor.csproj", "{C0F8E208-FE19-4B46-B741-3656763DB272}"
EndProject
Global
	GlobalSection(SolutionConfigurationPlatforms) = preSolution
		Debug|Any CPU = Debug|Any CPU
		Release|Any CPU = Release|Any CPU
	EndGlobalSection
	GlobalSection(ProjectConfigurationPlatforms) = postSolution
		{C0F8E208-FE19-4B46-B741-3656763DB272}.Debug|Any CPU.ActiveCfg = Debug|Any CPU
		{C0F8E208-FE19-4B46-B741-3656763DB272}.Debug|Any CPU.Build.0 = Debug|Any CPU
		{C0F8E208-FE19-4B46-B741-3656763DB272}.Release|Any CPU.ActiveCfg = Release|Any CPU
		{C0F8E208-FE19-4B46-B741-3656763DB272}.Release|Any CPU.Build.0 = Release|Any CPU
	EndGlobalSection
	GlobalSection(SolutionProperties) = preSolution
		HideSolutionNode = FALSE
	EndGlobalSection
	GlobalSection(ExtensibilityGlobals) = postSolution
		SolutionGuid = {BDC7CAD3-9695-4B5F-94C0-AE73D704326F}
	EndGlobalSection
EndGlobal
